
Microsoft Visual Studio Solution File, Format Version 12.00
# Visual Studio 14
VisualStudioVersion = 14.0.25420.1
MinimumVisualStudioVersion = 10.0.40219.1
Project("{FAE04EC0-301F-11D3-BF4B-00C04F79EFBC}") = "ServiceCRM", "ServiceCRM\ServiceCRM.csproj", "{567A07E2-C34D-4CE0-BC73-4B7914E115D1}"
EndProject
Project("{FAE04EC0-301F-11D3-BF4B-00C04F79EFBC}") = "ServiceCRM.Tests", "ServiceCRM.Tests\ServiceCRM.Tests.csproj", "{D8F8B86E-86A8-436E-9D5F-04E0134FB597}"
EndProject
Global
	GlobalSection(SolutionConfigurationPlatforms) = preSolution
		Debug|Any CPU = Debug|Any CPU
		Release|Any CPU = Release|Any CPU
	EndGlobalSection
	GlobalSection(ProjectConfigurationPlatforms) = postSolution
		{567A07E2-C34D-4CE0-BC73-4B7914E115D1}.Debug|Any CPU.ActiveCfg = Debug|Any CPU
		{567A07E2-C34D-4CE0-BC73-4B7914E115D1}.Debug|Any CPU.Build.0 = Debug|Any CPU
		{567A07E2-C34D-4CE0-BC73-4B7914E115D1}.Release|Any CPU.ActiveCfg = Release|Any CPU
		{567A07E2-C34D-4CE0-BC73-4B7914E115D1}.Release|Any CPU.Build.0 = Release|Any CPU
		{D8F8B86E-86A8-436E-9D5F-04E0134FB597}.Debug|Any CPU.ActiveCfg = Debug|Any CPU
		{D8F8B86E-86A8-436E-9D5F-04E0134FB597}.Debug|Any CPU.Build.0 = Debug|Any CPU
		{D8F8B86E-86A8-436E-9D5F-04E0134FB597}.Release|Any CPU.ActiveCfg = Release|Any CPU
		{D8F8B86E-86A8-436E-9D5F-04E0134FB597}.Release|Any CPU.Build.0 = Release|Any CPU
	EndGlobalSection
	GlobalSection(SolutionProperties) = preSolution
		HideSolutionNode = FALSE
	EndGlobalSection
EndGlobal
